
Microsoft Visual Studio Solution File, Format Version 12.00
# Visual Studio 14
VisualStudioVersion = 14.0.23107.0
MinimumVisualStudioVersion = 10.0.40219.1
Project("{FAE04EC0-301F-11D3-BF4B-00C04F79EFBC}") = "01复习", "01复习\01复习.csproj", "{88834EE1-2D47-4977-B421-259199E7ADBE}"
EndProject
Project("{FAE04EC0-301F-11D3-BF4B-00C04F79EFBC}") = "02访问修饰符", "02访问修饰符\02访问修饰符.csproj", "{3E697EBA-C8B0-485E-AA33-5767D8EB1063}"
EndProject
Project("{FAE04EC0-301F-11D3-BF4B-00C04F79EFBC}") = "Test", "Test\Test.csproj", "{BDABBBAD-15DE-4EBE-BD24-3E358D1AB73E}"
EndProject
Project("{FAE04EC0-301F-11D3-BF4B-00C04F79EFBC}") = "03简单工厂设计模式", "03简单工厂设计模式\03简单工厂设计模式.csproj", "{BAE48CB0-0D27-4E86-BEF5-A7BD3AA26AC8}"
EndProject
Project("{FAE04EC0-301F-11D3-BF4B-00C04F79EFBC}") = "04值传递和引用传递", "04值传递和引用传递\04值传递和引用传递.csproj", "{D6566DB1-5A8C-439F-8592-F8BB0B3D3B97}"
EndProject
Project("{FAE04EC0-301F-11D3-BF4B-00C04F79EFBC}") = "05序列化和反序列化", "05序列化和反序列化\05序列化和反序列化.csproj", "{6269E848-3566-49D8-AB8A-F5B6583D3776}"
EndProject
Project("{FAE04EC0-301F-11D3-BF4B-00C04F79EFBC}") = "06部分类", "06部分类\06部分类.csproj", "{155D6BE8-05AF-4E3A-AAD1-61CC4CC332B3}"
EndProject
Project("{FAE04EC0-301F-11D3-BF4B-00C04F79EFBC}") = "07密封类", "07密封类\07密封类.csproj", "{F1C24958-A849-47C8-BB6C-A241A6366C71}"
EndProject
Project("{FAE04EC0-301F-11D3-BF4B-00C04F79EFBC}") = "08重写ToString方法", "08重写ToString方法\08重写ToString方法.csproj", "{F6074F83-46DE-4E16-8D22-A451226AC098}"
EndProject
Project("{FAE04EC0-301F-11D3-BF4B-00C04F79EFBC}") = "09接口", "09接口\09接口.csproj", "{5973CE96-BD1E-49A2-814A-6FB859B3D4CF}"
EndProject
Project("{FAE04EC0-301F-11D3-BF4B-00C04F79EFBC}") = "10接口的语法特征", "10接口的语法特征\10接口的语法特征.csproj", "{DFC0BB56-AE1E-4591-9BEE-54F3CCE48776}"
EndProject
Project("{FAE04EC0-301F-11D3-BF4B-00C04F79EFBC}") = "11自动属性和普通属性", "11自动属性和普通属性\11自动属性和普通属性.csproj", "{D1352137-9E01-40B4-877E-574B74F8D059}"
EndProject
Project("{FAE04EC0-301F-11D3-BF4B-00C04F79EFBC}") = "12接口特点", "12接口特点\12接口特点.csproj", "{304C2212-3081-4C72-A00C-6B03046FFEF7}"
EndProject
Project("{FAE04EC0-301F-11D3-BF4B-00C04F79EFBC}") = "13显示实现接口", "13显示实现接口\13显示实现接口.csproj", "{92930B51-B91D-449F-B32D-80ED1D7D6975}"
EndProject
Project("{FAE04EC0-301F-11D3-BF4B-00C04F79EFBC}") = "14总结", "14总结\14总结.csproj", "{3AF19543-0567-4AA7-B967-C7FA6F262D80}"
EndProject
Project("{FAE04EC0-301F-11D3-BF4B-00C04F79EFBC}") = "15超市收银系统", "15超市收银系统\15超市收银系统.csproj", "{F901AC34-268E-458F-99E2-CC6809BD8387}"
EndProject
Project("{FAE04EC0-301F-11D3-BF4B-00C04F79EFBC}") = "16GUID", "16GUID\16GUID.csproj", "{FAA2C083-255F-44DD-98B8-1192B2B447BB}"
EndProject
Global
	GlobalSection(SolutionConfigurationPlatforms) = preSolution
		Debug|Any CPU = Debug|Any CPU
		Release|Any CPU = Release|Any CPU
	EndGlobalSection
	GlobalSection(ProjectConfigurationPlatforms) = postSolution
		{88834EE1-2D47-4977-B421-259199E7ADBE}.Debug|Any CPU.ActiveCfg = Debug|Any CPU
		{88834EE1-2D47-4977-B421-259199E7ADBE}.Debug|Any CPU.Build.0 = Debug|Any CPU
		{88834EE1-2D47-4977-B421-259199E7ADBE}.Release|Any CPU.ActiveCfg = Release|Any CPU
		{88834EE1-2D47-4977-B421-259199E7ADBE}.Release|Any CPU.Build.0 = Release|Any CPU
		{3E697EBA-C8B0-485E-AA33-5767D8EB1063}.Debug|Any CPU.ActiveCfg = Debug|Any CPU
		{3E697EBA-C8B0-485E-AA33-5767D8EB1063}.Debug|Any CPU.Build.0 = Debug|Any CPU
		{3E697EBA-C8B0-485E-AA33-5767D8EB1063}.Release|Any CPU.ActiveCfg = Release|Any CPU
		{3E697EBA-C8B0-485E-AA33-5767D8EB1063}.Release|Any CPU.Build.0 = Release|Any CPU
		{BDABBBAD-15DE-4EBE-BD24-3E358D1AB73E}.Debug|Any CPU.ActiveCfg = Debug|Any CPU
		{BDABBBAD-15DE-4EBE-BD24-3E358D1AB73E}.Debug|Any CPU.Build.0 = Debug|Any CPU
		{BDABBBAD-15DE-4EBE-BD24-3E358D1AB73E}.Release|Any CPU.ActiveCfg = Release|Any CPU
		{BDABBBAD-15DE-4EBE-BD24-3E358D1AB73E}.Release|Any CPU.Build.0 = Release|Any CPU
		{BAE48CB0-0D27-4E86-BEF5-A7BD3AA26AC8}.Debug|Any CPU.ActiveCfg = Debug|Any CPU
		{BAE48CB0-0D27-4E86-BEF5-A7BD3AA26AC8}.Debug|Any CPU.Build.0 = Debug|Any CPU
		{BAE48CB0-0D27-4E86-BEF5-A7BD3AA26AC8}.Release|Any CPU.ActiveCfg = Release|Any CPU
		{BAE48CB0-0D27-4E86-BEF5-A7BD3AA26AC8}.Release|Any CPU.Build.0 = Release|Any CPU
		{D6566DB1-5A8C-439F-8592-F8BB0B3D3B97}.Debug|Any CPU.ActiveCfg = Debug|Any CPU
		{D6566DB1-5A8C-439F-8592-F8BB0B3D3B97}.Debug|Any CPU.Build.0 = Debug|Any CPU
		{D6566DB1-5A8C-439F-8592-F8BB0B3D3B97}.Release|Any CPU.ActiveCfg = Release|Any CPU
		{D6566DB1-5A8C-439F-8592-F8BB0B3D3B97}.Release|Any CPU.Build.0 = Release|Any CPU
		{6269E848-3566-49D8-AB8A-F5B6583D3776}.Debug|Any CPU.ActiveCfg = Debug|Any CPU
		{6269E848-3566-49D8-AB8A-F5B6583D3776}.Debug|Any CPU.Build.0 = Debug|Any CPU
		{6269E848-3566-49D8-AB8A-F5B6583D3776}.Release|Any CPU.ActiveCfg = Release|Any CPU
		{6269E848-3566-49D8-AB8A-F5B6583D3776}.Release|Any CPU.Build.0 = Release|Any CPU
		{155D6BE8-05AF-4E3A-AAD1-61CC4CC332B3}.Debug|Any CPU.ActiveCfg = Debug|Any CPU
		{155D6BE8-05AF-4E3A-AAD1-61CC4CC332B3}.Debug|Any CPU.Build.0 = Debug|Any CPU
		{155D6BE8-05AF-4E3A-AAD1-61CC4CC332B3}.Release|Any CPU.ActiveCfg = Release|Any CPU
		{155D6BE8-05AF-4E3A-AAD1-61CC4CC332B3}.Release|Any CPU.Build.0 = Release|Any CPU
		{F1C24958-A849-47C8-BB6C-A241A6366C71}.Debug|Any CPU.ActiveCfg = Debug|Any CPU
		{F1C24958-A849-47C8-BB6C-A241A6366C71}.Debug|Any CPU.Build.0 = Debug|Any CPU
		{F1C24958-A849-47C8-BB6C-A241A6366C71}.Release|Any CPU.ActiveCfg = Release|Any CPU
		{F1C24958-A849-47C8-BB6C-A241A6366C71}.Release|Any CPU.Build.0 = Release|Any CPU
		{F6074F83-46DE-4E16-8D22-A451226AC098}.Debug|Any CPU.ActiveCfg = Debug|Any CPU
		{F6074F83-46DE-4E16-8D22-A451226AC098}.Debug|Any CPU.Build.0 = Debug|Any CPU
		{F6074F83-46DE-4E16-8D22-A451226AC098}.Release|Any CPU.ActiveCfg = Release|Any CPU
		{F6074F83-46DE-4E16-8D22-A451226AC098}.Release|Any CPU.Build.0 = Release|Any CPU
		{5973CE96-BD1E-49A2-814A-6FB859B3D4CF}.Debug|Any CPU.ActiveCfg = Debug|Any CPU
		{5973CE96-BD1E-49A2-814A-6FB859B3D4CF}.Debug|Any CPU.Build.0 = Debug|Any CPU
		{5973CE96-BD1E-49A2-814A-6FB859B3D4CF}.Release|Any CPU.ActiveCfg = Release|Any CPU
		{5973CE96-BD1E-49A2-814A-6FB859B3D4CF}.Release|Any CPU.Build.0 = Release|Any CPU
		{DFC0BB56-AE1E-4591-9BEE-54F3CCE48776}.Debug|Any CPU.ActiveCfg = Debug|Any CPU
		{DFC0BB56-AE1E-4591-9BEE-54F3CCE48776}.Debug|Any CPU.Build.0 = Debug|Any CPU
		{DFC0BB56-AE1E-4591-9BEE-54F3CCE48776}.Release|Any CPU.ActiveCfg = Release|Any CPU
		{DFC0BB56-AE1E-4591-9BEE-54F3CCE48776}.Release|Any CPU.Build.0 = Release|Any CPU
		{D1352137-9E01-40B4-877E-574B74F8D059}.Debug|Any CPU.ActiveCfg = Debug|Any CPU
		{D1352137-9E01-40B4-877E-574B74F8D059}.Debug|Any CPU.Build.0 = Debug|Any CPU
		{D1352137-9E01-40B4-877E-574B74F8D059}.Release|Any CPU.ActiveCfg = Release|Any CPU
		{D1352137-9E01-40B4-877E-574B74F8D059}.Release|Any CPU.Build.0 = Release|Any CPU
		{304C2212-3081-4C72-A00C-6B03046FFEF7}.Debug|Any CPU.ActiveCfg = Debug|Any CPU
		{304C2212-3081-4C72-A00C-6B03046FFEF7}.Debug|Any CPU.Build.0 = Debug|Any CPU
		{304C2212-3081-4C72-A00C-6B03046FFEF7}.Release|Any CPU.ActiveCfg = Release|Any CPU
		{304C2212-3081-4C72-A00C-6B03046FFEF7}.Release|Any CPU.Build.0 = Release|Any CPU
		{92930B51-B91D-449F-B32D-80ED1D7D6975}.Debug|Any CPU.ActiveCfg = Debug|Any CPU
		{92930B51-B91D-449F-B32D-80ED1D7D6975}.Debug|Any CPU.Build.0 = Debug|Any CPU
		{92930B51-B91D-449F-B32D-80ED1D7D6975}.Release|Any CPU.ActiveCfg = Release|Any CPU
		{92930B51-B91D-449F-B32D-80ED1D7D6975}.Release|Any CPU.Build.0 = Release|Any CPU
		{3AF19543-0567-4AA7-B967-C7FA6F262D80}.Debug|Any CPU.ActiveCfg = Debug|Any CPU
		{3AF19543-0567-4AA7-B967-C7FA6F262D80}.Debug|Any CPU.Build.0 = Debug|Any CPU
		{3AF19543-0567-4AA7-B967-C7FA6F262D80}.Release|Any CPU.ActiveCfg = Release|Any CPU
		{3AF19543-0567-4AA7-B967-C7FA6F262D80}.Release|Any CPU.Build.0 = Release|Any CPU
		{F901AC34-268E-458F-99E2-CC6809BD8387}.Debug|Any CPU.ActiveCfg = Debug|Any CPU
		{F901AC34-268E-458F-99E2-CC6809BD8387}.Debug|Any CPU.Build.0 = Debug|Any CPU
		{F901AC34-268E-458F-99E2-CC6809BD8387}.Release|Any CPU.ActiveCfg = Release|Any CPU
		{F901AC34-268E-458F-99E2-CC6809BD8387}.Release|Any CPU.Build.0 = Release|Any CPU
		{FAA2C083-255F-44DD-98B8-1192B2B447BB}.Debug|Any CPU.ActiveCfg = Debug|Any CPU
		{FAA2C083-255F-44DD-98B8-1192B2B447BB}.Debug|Any CPU.Build.0 = Debug|Any CPU
		{FAA2C083-255F-44DD-98B8-1192B2B447BB}.Release|Any CPU.ActiveCfg = Release|Any CPU
		{FAA2C083-255F-44DD-98B8-1192B2B447BB}.Release|Any CPU.Build.0 = Release|Any CPU
	EndGlobalSection
	GlobalSection(SolutionProperties) = preSolution
		HideSolutionNode = FALSE
	EndGlobalSection
EndGlobal
