
Microsoft Visual Studio Solution File, Format Version 12.00
# Visual Studio 14
VisualStudioVersion = 14.0.23107.0
MinimumVisualStudioVersion = 10.0.40219.1
Project("{FAE04EC0-301F-11D3-BF4B-00C04F79EFBC}") = "01Directory", "01Directory\01Directory.csproj", "{B231FBEE-8990-4A60-B071-DA676C181939}"
EndProject
Project("{FAE04EC0-301F-11D3-BF4B-00C04F79EFBC}") = "02浏览器控件", "02浏览器控件\02浏览器控件.csproj", "{365C38F6-FA9E-4B27-A890-62438A2EEF05}"
EndProject
Project("{FAE04EC0-301F-11D3-BF4B-00C04F79EFBC}") = "03ComboBox", "03ComboBox\03ComboBox.csproj", "{1F4E5898-BB6B-4A72-A8AB-BE2108345F1A}"
EndProject
Project("{FAE04EC0-301F-11D3-BF4B-00C04F79EFBC}") = "04日期选择器", "04日期选择器\04日期选择器.csproj", "{539548DD-593E-4AFF-8A0C-8A4FCC88C200}"
EndProject
Project("{FAE04EC0-301F-11D3-BF4B-00C04F79EFBC}") = "05ListBox", "05ListBox\05ListBox.csproj", "{9A731C0F-A30E-4478-8022-D11A7DC9645B}"
EndProject
Project("{FAE04EC0-301F-11D3-BF4B-00C04F79EFBC}") = "06实现点击更换照片", "06实现点击更换照片\06实现点击更换照片.csproj", "{21609400-7E56-4ADD-BD7E-4F67ED85D688}"
EndProject
Project("{FAE04EC0-301F-11D3-BF4B-00C04F79EFBC}") = "07双击播放音乐", "07双击播放音乐\07双击播放音乐.csproj", "{CC36017B-CDF4-4E8C-A47E-4E6CD94672A3}"
EndProject
Project("{FAE04EC0-301F-11D3-BF4B-00C04F79EFBC}") = "08石头剪刀布", "08石头剪刀布\08石头剪刀布.csproj", "{1B340CCA-D271-4B6D-9626-19B5287E120C}"
EndProject
Project("{FAE04EC0-301F-11D3-BF4B-00C04F79EFBC}") = "10打开对话框", "10打开对话框\10打开对话框.csproj", "{CAFA51EC-61D1-4930-A8A8-67EB8DB89040}"
EndProject
Project("{FAE04EC0-301F-11D3-BF4B-00C04F79EFBC}") = "09保存文件对话框", "09保存文件对话框\09保存文件对话框.csproj", "{2EB238D3-4115-4B6E-99E4-95CD4CB70B6A}"
EndProject
Project("{FAE04EC0-301F-11D3-BF4B-00C04F79EFBC}") = "11字体和颜色对话框", "11字体和颜色对话框\11字体和颜色对话框.csproj", "{101EC1D6-901F-4B29-9609-27911EB7C6E1}"
EndProject
Project("{FAE04EC0-301F-11D3-BF4B-00C04F79EFBC}") = "12Panel", "12Panel\12Panel.csproj", "{216BEC47-1EB2-49E4-8A9A-BA85DC934C45}"
EndProject
Project("{FAE04EC0-301F-11D3-BF4B-00C04F79EFBC}") = "13记事本应用程序", "13记事本应用程序\13记事本应用程序.csproj", "{D503292F-8131-4FE4-AF3F-B39A31E5B64B}"
EndProject
Project("{FAE04EC0-301F-11D3-BF4B-00C04F79EFBC}") = "15进程", "15进程\15进程.csproj", "{7562A7C7-8969-40A3-B37F-9B0171D52E53}"
EndProject
Project("{FAE04EC0-301F-11D3-BF4B-00C04F79EFBC}") = "16线程", "16线程\16线程.csproj", "{FF98F126-6B48-4B87-90D2-E928771FE969}"
EndProject
Project("{FAE04EC0-301F-11D3-BF4B-00C04F79EFBC}") = "14线程", "14线程\14线程.csproj", "{7D954232-3FFB-4120-8224-122293EC8AA9}"
EndProject
Global
	GlobalSection(SolutionConfigurationPlatforms) = preSolution
		Debug|Any CPU = Debug|Any CPU
		Release|Any CPU = Release|Any CPU
	EndGlobalSection
	GlobalSection(ProjectConfigurationPlatforms) = postSolution
		{B231FBEE-8990-4A60-B071-DA676C181939}.Debug|Any CPU.ActiveCfg = Debug|Any CPU
		{B231FBEE-8990-4A60-B071-DA676C181939}.Debug|Any CPU.Build.0 = Debug|Any CPU
		{B231FBEE-8990-4A60-B071-DA676C181939}.Release|Any CPU.ActiveCfg = Release|Any CPU
		{B231FBEE-8990-4A60-B071-DA676C181939}.Release|Any CPU.Build.0 = Release|Any CPU
		{365C38F6-FA9E-4B27-A890-62438A2EEF05}.Debug|Any CPU.ActiveCfg = Debug|Any CPU
		{365C38F6-FA9E-4B27-A890-62438A2EEF05}.Debug|Any CPU.Build.0 = Debug|Any CPU
		{365C38F6-FA9E-4B27-A890-62438A2EEF05}.Release|Any CPU.ActiveCfg = Release|Any CPU
		{365C38F6-FA9E-4B27-A890-62438A2EEF05}.Release|Any CPU.Build.0 = Release|Any CPU
		{1F4E5898-BB6B-4A72-A8AB-BE2108345F1A}.Debug|Any CPU.ActiveCfg = Debug|Any CPU
		{1F4E5898-BB6B-4A72-A8AB-BE2108345F1A}.Debug|Any CPU.Build.0 = Debug|Any CPU
		{1F4E5898-BB6B-4A72-A8AB-BE2108345F1A}.Release|Any CPU.ActiveCfg = Release|Any CPU
		{1F4E5898-BB6B-4A72-A8AB-BE2108345F1A}.Release|Any CPU.Build.0 = Release|Any CPU
		{539548DD-593E-4AFF-8A0C-8A4FCC88C200}.Debug|Any CPU.ActiveCfg = Debug|Any CPU
		{539548DD-593E-4AFF-8A0C-8A4FCC88C200}.Debug|Any CPU.Build.0 = Debug|Any CPU
		{539548DD-593E-4AFF-8A0C-8A4FCC88C200}.Release|Any CPU.ActiveCfg = Release|Any CPU
		{539548DD-593E-4AFF-8A0C-8A4FCC88C200}.Release|Any CPU.Build.0 = Release|Any CPU
		{9A731C0F-A30E-4478-8022-D11A7DC9645B}.Debug|Any CPU.ActiveCfg = Debug|Any CPU
		{9A731C0F-A30E-4478-8022-D11A7DC9645B}.Debug|Any CPU.Build.0 = Debug|Any CPU
		{9A731C0F-A30E-4478-8022-D11A7DC9645B}.Release|Any CPU.ActiveCfg = Release|Any CPU
		{9A731C0F-A30E-4478-8022-D11A7DC9645B}.Release|Any CPU.Build.0 = Release|Any CPU
		{21609400-7E56-4ADD-BD7E-4F67ED85D688}.Debug|Any CPU.ActiveCfg = Debug|Any CPU
		{21609400-7E56-4ADD-BD7E-4F67ED85D688}.Debug|Any CPU.Build.0 = Debug|Any CPU
		{21609400-7E56-4ADD-BD7E-4F67ED85D688}.Release|Any CPU.ActiveCfg = Release|Any CPU
		{21609400-7E56-4ADD-BD7E-4F67ED85D688}.Release|Any CPU.Build.0 = Release|Any CPU
		{CC36017B-CDF4-4E8C-A47E-4E6CD94672A3}.Debug|Any CPU.ActiveCfg = Debug|Any CPU
		{CC36017B-CDF4-4E8C-A47E-4E6CD94672A3}.Debug|Any CPU.Build.0 = Debug|Any CPU
		{CC36017B-CDF4-4E8C-A47E-4E6CD94672A3}.Release|Any CPU.ActiveCfg = Release|Any CPU
		{CC36017B-CDF4-4E8C-A47E-4E6CD94672A3}.Release|Any CPU.Build.0 = Release|Any CPU
		{1B340CCA-D271-4B6D-9626-19B5287E120C}.Debug|Any CPU.ActiveCfg = Debug|Any CPU
		{1B340CCA-D271-4B6D-9626-19B5287E120C}.Debug|Any CPU.Build.0 = Debug|Any CPU
		{1B340CCA-D271-4B6D-9626-19B5287E120C}.Release|Any CPU.ActiveCfg = Release|Any CPU
		{1B340CCA-D271-4B6D-9626-19B5287E120C}.Release|Any CPU.Build.0 = Release|Any CPU
		{CAFA51EC-61D1-4930-A8A8-67EB8DB89040}.Debug|Any CPU.ActiveCfg = Debug|Any CPU
		{CAFA51EC-61D1-4930-A8A8-67EB8DB89040}.Debug|Any CPU.Build.0 = Debug|Any CPU
		{CAFA51EC-61D1-4930-A8A8-67EB8DB89040}.Release|Any CPU.ActiveCfg = Release|Any CPU
		{CAFA51EC-61D1-4930-A8A8-67EB8DB89040}.Release|Any CPU.Build.0 = Release|Any CPU
		{2EB238D3-4115-4B6E-99E4-95CD4CB70B6A}.Debug|Any CPU.ActiveCfg = Debug|Any CPU
		{2EB238D3-4115-4B6E-99E4-95CD4CB70B6A}.Debug|Any CPU.Build.0 = Debug|Any CPU
		{2EB238D3-4115-4B6E-99E4-95CD4CB70B6A}.Release|Any CPU.ActiveCfg = Release|Any CPU
		{2EB238D3-4115-4B6E-99E4-95CD4CB70B6A}.Release|Any CPU.Build.0 = Release|Any CPU
		{101EC1D6-901F-4B29-9609-27911EB7C6E1}.Debug|Any CPU.ActiveCfg = Debug|Any CPU
		{101EC1D6-901F-4B29-9609-27911EB7C6E1}.Debug|Any CPU.Build.0 = Debug|Any CPU
		{101EC1D6-901F-4B29-9609-27911EB7C6E1}.Release|Any CPU.ActiveCfg = Release|Any CPU
		{101EC1D6-901F-4B29-9609-27911EB7C6E1}.Release|Any CPU.Build.0 = Release|Any CPU
		{216BEC47-1EB2-49E4-8A9A-BA85DC934C45}.Debug|Any CPU.ActiveCfg = Debug|Any CPU
		{216BEC47-1EB2-49E4-8A9A-BA85DC934C45}.Debug|Any CPU.Build.0 = Debug|Any CPU
		{216BEC47-1EB2-49E4-8A9A-BA85DC934C45}.Release|Any CPU.ActiveCfg = Release|Any CPU
		{216BEC47-1EB2-49E4-8A9A-BA85DC934C45}.Release|Any CPU.Build.0 = Release|Any CPU
		{D503292F-8131-4FE4-AF3F-B39A31E5B64B}.Debug|Any CPU.ActiveCfg = Debug|Any CPU
		{D503292F-8131-4FE4-AF3F-B39A31E5B64B}.Debug|Any CPU.Build.0 = Debug|Any CPU
		{D503292F-8131-4FE4-AF3F-B39A31E5B64B}.Release|Any CPU.ActiveCfg = Release|Any CPU
		{D503292F-8131-4FE4-AF3F-B39A31E5B64B}.Release|Any CPU.Build.0 = Release|Any CPU
		{7562A7C7-8969-40A3-B37F-9B0171D52E53}.Debug|Any CPU.ActiveCfg = Debug|Any CPU
		{7562A7C7-8969-40A3-B37F-9B0171D52E53}.Debug|Any CPU.Build.0 = Debug|Any CPU
		{7562A7C7-8969-40A3-B37F-9B0171D52E53}.Release|Any CPU.ActiveCfg = Release|Any CPU
		{7562A7C7-8969-40A3-B37F-9B0171D52E53}.Release|Any CPU.Build.0 = Release|Any CPU
		{FF98F126-6B48-4B87-90D2-E928771FE969}.Debug|Any CPU.ActiveCfg = Debug|Any CPU
		{FF98F126-6B48-4B87-90D2-E928771FE969}.Debug|Any CPU.Build.0 = Debug|Any CPU
		{FF98F126-6B48-4B87-90D2-E928771FE969}.Release|Any CPU.ActiveCfg = Release|Any CPU
		{FF98F126-6B48-4B87-90D2-E928771FE969}.Release|Any CPU.Build.0 = Release|Any CPU
		{7D954232-3FFB-4120-8224-122293EC8AA9}.Debug|Any CPU.ActiveCfg = Debug|Any CPU
		{7D954232-3FFB-4120-8224-122293EC8AA9}.Debug|Any CPU.Build.0 = Debug|Any CPU
		{7D954232-3FFB-4120-8224-122293EC8AA9}.Release|Any CPU.ActiveCfg = Release|Any CPU
		{7D954232-3FFB-4120-8224-122293EC8AA9}.Release|Any CPU.Build.0 = Release|Any CPU
	EndGlobalSection
	GlobalSection(SolutionProperties) = preSolution
		HideSolutionNode = FALSE
	EndGlobalSection
EndGlobal
