
Microsoft Visual Studio Solution File, Format Version 12.00
# Visual Studio 14
VisualStudioVersion = 14.0.23107.0
MinimumVisualStudioVersion = 10.0.40219.1
Project("{FAE04EC0-301F-11D3-BF4B-00C04F79EFBC}") = "01for循环的练习", "01for循环的练习\01for循环的练习.csproj", "{584AAC67-D1DA-4FCB-98AD-010614C356D3}"
EndProject
Project("{FAE04EC0-301F-11D3-BF4B-00C04F79EFBC}") = "02continue和质数", "02continue和质数\02continue和质数.csproj", "{AAD41BC2-A764-43BC-A0A2-9084B2EFB638}"
EndProject
Project("{FAE04EC0-301F-11D3-BF4B-00C04F79EFBC}") = "03这个人上辈子是干嘛的", "03这个人上辈子是干嘛的\03这个人上辈子是干嘛的.csproj", "{435F807C-9D3A-443C-8D0A-17589280C505}"
EndProject
Project("{FAE04EC0-301F-11D3-BF4B-00C04F79EFBC}") = "04面向对象练习", "04面向对象练习\04面向对象练习.csproj", "{C7B9958D-2654-45C5-B186-DD748FF68604}"
EndProject
Global
	GlobalSection(SolutionConfigurationPlatforms) = preSolution
		Debug|Any CPU = Debug|Any CPU
		Release|Any CPU = Release|Any CPU
	EndGlobalSection
	GlobalSection(ProjectConfigurationPlatforms) = postSolution
		{584AAC67-D1DA-4FCB-98AD-010614C356D3}.Debug|Any CPU.ActiveCfg = Debug|Any CPU
		{584AAC67-D1DA-4FCB-98AD-010614C356D3}.Debug|Any CPU.Build.0 = Debug|Any CPU
		{584AAC67-D1DA-4FCB-98AD-010614C356D3}.Release|Any CPU.ActiveCfg = Release|Any CPU
		{584AAC67-D1DA-4FCB-98AD-010614C356D3}.Release|Any CPU.Build.0 = Release|Any CPU
		{AAD41BC2-A764-43BC-A0A2-9084B2EFB638}.Debug|Any CPU.ActiveCfg = Debug|Any CPU
		{AAD41BC2-A764-43BC-A0A2-9084B2EFB638}.Debug|Any CPU.Build.0 = Debug|Any CPU
		{AAD41BC2-A764-43BC-A0A2-9084B2EFB638}.Release|Any CPU.ActiveCfg = Release|Any CPU
		{AAD41BC2-A764-43BC-A0A2-9084B2EFB638}.Release|Any CPU.Build.0 = Release|Any CPU
		{435F807C-9D3A-443C-8D0A-17589280C505}.Debug|Any CPU.ActiveCfg = Debug|Any CPU
		{435F807C-9D3A-443C-8D0A-17589280C505}.Debug|Any CPU.Build.0 = Debug|Any CPU
		{435F807C-9D3A-443C-8D0A-17589280C505}.Release|Any CPU.ActiveCfg = Release|Any CPU
		{435F807C-9D3A-443C-8D0A-17589280C505}.Release|Any CPU.Build.0 = Release|Any CPU
		{C7B9958D-2654-45C5-B186-DD748FF68604}.Debug|Any CPU.ActiveCfg = Debug|Any CPU
		{C7B9958D-2654-45C5-B186-DD748FF68604}.Debug|Any CPU.Build.0 = Debug|Any CPU
		{C7B9958D-2654-45C5-B186-DD748FF68604}.Release|Any CPU.ActiveCfg = Release|Any CPU
		{C7B9958D-2654-45C5-B186-DD748FF68604}.Release|Any CPU.Build.0 = Release|Any CPU
	EndGlobalSection
	GlobalSection(SolutionProperties) = preSolution
		HideSolutionNode = FALSE
	EndGlobalSection
EndGlobal
