
Microsoft Visual Studio Solution File, Format Version 12.00
# Visual Studio 14
VisualStudioVersion = 14.0.23107.0
MinimumVisualStudioVersion = 10.0.40219.1
Project("{FAE04EC0-301F-11D3-BF4B-00C04F79EFBC}") = "01使用GDI绘制简单的图形", "01使用GDI绘制简单的图形\01使用GDI绘制简单的图形.csproj", "{CFD98978-093E-4C8E-805B-658E7540351E}"
EndProject
Project("{FAE04EC0-301F-11D3-BF4B-00C04F79EFBC}") = "02绘制验证码", "02绘制验证码\02绘制验证码.csproj", "{FD839910-714F-4E65-AE3F-F00E440F6316}"
EndProject
Global
	GlobalSection(SolutionConfigurationPlatforms) = preSolution
		Debug|Any CPU = Debug|Any CPU
		Release|Any CPU = Release|Any CPU
	EndGlobalSection
	GlobalSection(ProjectConfigurationPlatforms) = postSolution
		{CFD98978-093E-4C8E-805B-658E7540351E}.Debug|Any CPU.ActiveCfg = Debug|Any CPU
		{CFD98978-093E-4C8E-805B-658E7540351E}.Debug|Any CPU.Build.0 = Debug|Any CPU
		{CFD98978-093E-4C8E-805B-658E7540351E}.Release|Any CPU.ActiveCfg = Release|Any CPU
		{CFD98978-093E-4C8E-805B-658E7540351E}.Release|Any CPU.Build.0 = Release|Any CPU
		{FD839910-714F-4E65-AE3F-F00E440F6316}.Debug|Any CPU.ActiveCfg = Debug|Any CPU
		{FD839910-714F-4E65-AE3F-F00E440F6316}.Debug|Any CPU.Build.0 = Debug|Any CPU
		{FD839910-714F-4E65-AE3F-F00E440F6316}.Release|Any CPU.ActiveCfg = Release|Any CPU
		{FD839910-714F-4E65-AE3F-F00E440F6316}.Release|Any CPU.Build.0 = Release|Any CPU
	EndGlobalSection
	GlobalSection(SolutionProperties) = preSolution
		HideSolutionNode = FALSE
	EndGlobalSection
EndGlobal
